
Microsoft Visual Studio Solution File, Format Version 12.00
# Visual Studio 15
VisualStudioVersion = 15.0.28307.572
MinimumVisualStudioVersion = 10.0.40219.1
Project("{FAE04EC0-301F-11D3-BF4B-00C04F79EFBC}") = "RelationShip4", "RelationShip4\RelationShip4.csproj", "{8E8B402C-51B8-41C0-B51C-9DBA02E498CB}"
EndProject
Global
	GlobalSection(SolutionConfigurationPlatforms) = preSolution
		Debug|Any CPU = Debug|Any CPU
		Release|Any CPU = Release|Any CPU
	EndGlobalSection
	GlobalSection(ProjectConfigurationPlatforms) = postSolution
		{8E8B402C-51B8-41C0-B51C-9DBA02E498CB}.Debug|Any CPU.ActiveCfg = Debug|Any CPU
		{8E8B402C-51B8-41C0-B51C-9DBA02E498CB}.Debug|Any CPU.Build.0 = Debug|Any CPU
		{8E8B402C-51B8-41C0-B51C-9DBA02E498CB}.Release|Any CPU.ActiveCfg = Release|Any CPU
		{8E8B402C-51B8-41C0-B51C-9DBA02E498CB}.Release|Any CPU.Build.0 = Release|Any CPU
	EndGlobalSection
	GlobalSection(SolutionProperties) = preSolution
		HideSolutionNode = FALSE
	EndGlobalSection
	GlobalSection(ExtensibilityGlobals) = postSolution
		SolutionGuid = {4CDFAC46-9475-4DCE-90C6-A9E19ED4F07E}
	EndGlobalSection
EndGlobal
