
Microsoft Visual Studio Solution File, Format Version 12.00
# Visual Studio 15
VisualStudioVersion = 15.0.28307.572
MinimumVisualStudioVersion = 10.0.40219.1
Project("{FAE04EC0-301F-11D3-BF4B-00C04F79EFBC}") = "Vekiller3", "Vekiller3\Vekiller3.csproj", "{83FD86ED-ED64-48E5-B4E5-B118F0DE7E5F}"
EndProject
Global
	GlobalSection(SolutionConfigurationPlatforms) = preSolution
		Debug|Any CPU = Debug|Any CPU
		Release|Any CPU = Release|Any CPU
	EndGlobalSection
	GlobalSection(ProjectConfigurationPlatforms) = postSolution
		{83FD86ED-ED64-48E5-B4E5-B118F0DE7E5F}.Debug|Any CPU.ActiveCfg = Debug|Any CPU
		{83FD86ED-ED64-48E5-B4E5-B118F0DE7E5F}.Debug|Any CPU.Build.0 = Debug|Any CPU
		{83FD86ED-ED64-48E5-B4E5-B118F0DE7E5F}.Release|Any CPU.ActiveCfg = Release|Any CPU
		{83FD86ED-ED64-48E5-B4E5-B118F0DE7E5F}.Release|Any CPU.Build.0 = Release|Any CPU
	EndGlobalSection
	GlobalSection(SolutionProperties) = preSolution
		HideSolutionNode = FALSE
	EndGlobalSection
	GlobalSection(ExtensibilityGlobals) = postSolution
		SolutionGuid = {CF433B4F-3F32-4723-994E-DBF509AE90BD}
	EndGlobalSection
EndGlobal
