
Microsoft Visual Studio Solution File, Format Version 12.00
# Visual Studio 15
VisualStudioVersion = 15.0.28307.572
MinimumVisualStudioVersion = 10.0.40219.1
Project("{FAE04EC0-301F-11D3-BF4B-00C04F79EFBC}") = "Vekiller", "Vekiller\Vekiller.csproj", "{DAA538D1-F455-4FA5-9E87-2331BB811725}"
EndProject
Global
	GlobalSection(SolutionConfigurationPlatforms) = preSolution
		Debug|Any CPU = Debug|Any CPU
		Release|Any CPU = Release|Any CPU
	EndGlobalSection
	GlobalSection(ProjectConfigurationPlatforms) = postSolution
		{DAA538D1-F455-4FA5-9E87-2331BB811725}.Debug|Any CPU.ActiveCfg = Debug|Any CPU
		{DAA538D1-F455-4FA5-9E87-2331BB811725}.Debug|Any CPU.Build.0 = Debug|Any CPU
		{DAA538D1-F455-4FA5-9E87-2331BB811725}.Release|Any CPU.ActiveCfg = Release|Any CPU
		{DAA538D1-F455-4FA5-9E87-2331BB811725}.Release|Any CPU.Build.0 = Release|Any CPU
	EndGlobalSection
	GlobalSection(SolutionProperties) = preSolution
		HideSolutionNode = FALSE
	EndGlobalSection
	GlobalSection(ExtensibilityGlobals) = postSolution
		SolutionGuid = {305BFABA-1635-42CA-9AFF-1EC4766830EE}
	EndGlobalSection
EndGlobal
