
Microsoft Visual Studio Solution File, Format Version 12.00
# Visual Studio Version 16
VisualStudioVersion = 16.0.29920.165
MinimumVisualStudioVersion = 10.0.40219.1
Project("{FAE04EC0-301F-11D3-BF4B-00C04F79EFBC}") = "WCFServer", "WCFServer\WCFServer.csproj", "{DD5530D3-DD28-4E97-B6D3-159F37328FB3}"
EndProject
Project("{FAE04EC0-301F-11D3-BF4B-00C04F79EFBC}") = "WCFClient", "WCFClient\WCFClient.csproj", "{1F08FBB3-D10F-4641-B794-FEAF9483945E}"
EndProject
Project("{FAE04EC0-301F-11D3-BF4B-00C04F79EFBC}") = "Data", "Data\Data.csproj", "{9ECC7AE6-4982-4FD3-A523-7AE226E7FD7C}"
EndProject
Project("{FAE04EC0-301F-11D3-BF4B-00C04F79EFBC}") = "Helper", "Helper\Helper.csproj", "{7DFBD917-9607-4B53-BAC1-1DA525A0C254}"
EndProject
Project("{FAE04EC0-301F-11D3-BF4B-00C04F79EFBC}") = "ChatServer", "ChatServer\ChatServer.csproj", "{19392102-EDD3-40CD-8411-3F22674072B8}"
EndProject
Project("{FAE04EC0-301F-11D3-BF4B-00C04F79EFBC}") = "ChatClient", "ChatClient\ChatClient.csproj", "{A7E6C63C-5DAD-4539-B641-054D8F0262DF}"
EndProject
Global
	GlobalSection(SolutionConfigurationPlatforms) = preSolution
		Debug|Any CPU = Debug|Any CPU
		Release|Any CPU = Release|Any CPU
	EndGlobalSection
	GlobalSection(ProjectConfigurationPlatforms) = postSolution
		{DD5530D3-DD28-4E97-B6D3-159F37328FB3}.Debug|Any CPU.ActiveCfg = Debug|Any CPU
		{DD5530D3-DD28-4E97-B6D3-159F37328FB3}.Debug|Any CPU.Build.0 = Debug|Any CPU
		{DD5530D3-DD28-4E97-B6D3-159F37328FB3}.Release|Any CPU.ActiveCfg = Release|Any CPU
		{DD5530D3-DD28-4E97-B6D3-159F37328FB3}.Release|Any CPU.Build.0 = Release|Any CPU
		{1F08FBB3-D10F-4641-B794-FEAF9483945E}.Debug|Any CPU.ActiveCfg = Debug|Any CPU
		{1F08FBB3-D10F-4641-B794-FEAF9483945E}.Debug|Any CPU.Build.0 = Debug|Any CPU
		{1F08FBB3-D10F-4641-B794-FEAF9483945E}.Release|Any CPU.ActiveCfg = Release|Any CPU
		{1F08FBB3-D10F-4641-B794-FEAF9483945E}.Release|Any CPU.Build.0 = Release|Any CPU
		{9ECC7AE6-4982-4FD3-A523-7AE226E7FD7C}.Debug|Any CPU.ActiveCfg = Debug|Any CPU
		{9ECC7AE6-4982-4FD3-A523-7AE226E7FD7C}.Debug|Any CPU.Build.0 = Debug|Any CPU
		{9ECC7AE6-4982-4FD3-A523-7AE226E7FD7C}.Release|Any CPU.ActiveCfg = Release|Any CPU
		{9ECC7AE6-4982-4FD3-A523-7AE226E7FD7C}.Release|Any CPU.Build.0 = Release|Any CPU
		{7DFBD917-9607-4B53-BAC1-1DA525A0C254}.Debug|Any CPU.ActiveCfg = Debug|Any CPU
		{7DFBD917-9607-4B53-BAC1-1DA525A0C254}.Debug|Any CPU.Build.0 = Debug|Any CPU
		{7DFBD917-9607-4B53-BAC1-1DA525A0C254}.Release|Any CPU.ActiveCfg = Release|Any CPU
		{7DFBD917-9607-4B53-BAC1-1DA525A0C254}.Release|Any CPU.Build.0 = Release|Any CPU
		{19392102-EDD3-40CD-8411-3F22674072B8}.Debug|Any CPU.ActiveCfg = Debug|Any CPU
		{19392102-EDD3-40CD-8411-3F22674072B8}.Debug|Any CPU.Build.0 = Debug|Any CPU
		{19392102-EDD3-40CD-8411-3F22674072B8}.Release|Any CPU.ActiveCfg = Release|Any CPU
		{19392102-EDD3-40CD-8411-3F22674072B8}.Release|Any CPU.Build.0 = Release|Any CPU
		{A7E6C63C-5DAD-4539-B641-054D8F0262DF}.Debug|Any CPU.ActiveCfg = Debug|Any CPU
		{A7E6C63C-5DAD-4539-B641-054D8F0262DF}.Debug|Any CPU.Build.0 = Debug|Any CPU
		{A7E6C63C-5DAD-4539-B641-054D8F0262DF}.Release|Any CPU.ActiveCfg = Release|Any CPU
		{A7E6C63C-5DAD-4539-B641-054D8F0262DF}.Release|Any CPU.Build.0 = Release|Any CPU
	EndGlobalSection
	GlobalSection(SolutionProperties) = preSolution
		HideSolutionNode = FALSE
	EndGlobalSection
	GlobalSection(ExtensibilityGlobals) = postSolution
		SolutionGuid = {88E93B41-2C5F-4467-A7DE-19EE858F8050}
	EndGlobalSection
EndGlobal
