
Microsoft Visual Studio Solution File, Format Version 12.00
# Visual Studio 15
VisualStudioVersion = 15.0.28307.572
MinimumVisualStudioVersion = 10.0.40219.1
Project("{FAE04EC0-301F-11D3-BF4B-00C04F79EFBC}") = "WepApi", "WepApi\WepApi.csproj", "{F769638C-F1FF-4EDA-8A3E-E8349AE28C25}"
EndProject
Global
	GlobalSection(SolutionConfigurationPlatforms) = preSolution
		Debug|Any CPU = Debug|Any CPU
		Release|Any CPU = Release|Any CPU
	EndGlobalSection
	GlobalSection(ProjectConfigurationPlatforms) = postSolution
		{F769638C-F1FF-4EDA-8A3E-E8349AE28C25}.Debug|Any CPU.ActiveCfg = Debug|Any CPU
		{F769638C-F1FF-4EDA-8A3E-E8349AE28C25}.Debug|Any CPU.Build.0 = Debug|Any CPU
		{F769638C-F1FF-4EDA-8A3E-E8349AE28C25}.Release|Any CPU.ActiveCfg = Release|Any CPU
		{F769638C-F1FF-4EDA-8A3E-E8349AE28C25}.Release|Any CPU.Build.0 = Release|Any CPU
	EndGlobalSection
	GlobalSection(SolutionProperties) = preSolution
		HideSolutionNode = FALSE
	EndGlobalSection
	GlobalSection(ExtensibilityGlobals) = postSolution
		SolutionGuid = {9AFB6AE8-D54F-4ADC-B67D-22C7FC34AB45}
	EndGlobalSection
EndGlobal
