
Microsoft Visual Studio Solution File, Format Version 12.00
# Visual Studio 15
VisualStudioVersion = 15.0.28307.1062
MinimumVisualStudioVersion = 10.0.40219.1
Project("{FAE04EC0-301F-11D3-BF4B-00C04F79EFBC}") = "FileBasedDatabase", "FileBasedDatabase\FileBasedDatabase.csproj", "{0CA66583-6E7A-4665-9790-4EA14D323D75}"
EndProject
Project("{FAE04EC0-301F-11D3-BF4B-00C04F79EFBC}") = "FileBasedDatabase.Helper", "FileBasedDatabase.Helper\FileBasedDatabase.Helper.csproj", "{946DC986-E983-40BA-9E02-3EDBB99BE7A7}"
EndProject
Project("{FAE04EC0-301F-11D3-BF4B-00C04F79EFBC}") = "FileBasedDatabase.Data", "FileBasedDatabase.Data\FileBasedDatabase.Data.csproj", "{3F9C4524-627C-4C63-BB8C-005C60058FC2}"
EndProject
Global
	GlobalSection(SolutionConfigurationPlatforms) = preSolution
		Debug|Any CPU = Debug|Any CPU
		Release|Any CPU = Release|Any CPU
	EndGlobalSection
	GlobalSection(ProjectConfigurationPlatforms) = postSolution
		{0CA66583-6E7A-4665-9790-4EA14D323D75}.Debug|Any CPU.ActiveCfg = Debug|Any CPU
		{0CA66583-6E7A-4665-9790-4EA14D323D75}.Debug|Any CPU.Build.0 = Debug|Any CPU
		{0CA66583-6E7A-4665-9790-4EA14D323D75}.Release|Any CPU.ActiveCfg = Release|Any CPU
		{0CA66583-6E7A-4665-9790-4EA14D323D75}.Release|Any CPU.Build.0 = Release|Any CPU
		{946DC986-E983-40BA-9E02-3EDBB99BE7A7}.Debug|Any CPU.ActiveCfg = Debug|Any CPU
		{946DC986-E983-40BA-9E02-3EDBB99BE7A7}.Debug|Any CPU.Build.0 = Debug|Any CPU
		{946DC986-E983-40BA-9E02-3EDBB99BE7A7}.Release|Any CPU.ActiveCfg = Release|Any CPU
		{946DC986-E983-40BA-9E02-3EDBB99BE7A7}.Release|Any CPU.Build.0 = Release|Any CPU
		{3F9C4524-627C-4C63-BB8C-005C60058FC2}.Debug|Any CPU.ActiveCfg = Debug|Any CPU
		{3F9C4524-627C-4C63-BB8C-005C60058FC2}.Debug|Any CPU.Build.0 = Debug|Any CPU
		{3F9C4524-627C-4C63-BB8C-005C60058FC2}.Release|Any CPU.ActiveCfg = Release|Any CPU
		{3F9C4524-627C-4C63-BB8C-005C60058FC2}.Release|Any CPU.Build.0 = Release|Any CPU
	EndGlobalSection
	GlobalSection(SolutionProperties) = preSolution
		HideSolutionNode = FALSE
	EndGlobalSection
	GlobalSection(ExtensibilityGlobals) = postSolution
		SolutionGuid = {72955284-16EA-4F71-9F49-441928114569}
	EndGlobalSection
EndGlobal
