
Microsoft Visual Studio Solution File, Format Version 12.00
# Visual Studio 15
VisualStudioVersion = 15.0.28307.572
MinimumVisualStudioVersion = 10.0.40219.1
Project("{FAE04EC0-301F-11D3-BF4B-00C04F79EFBC}") = "GenericRepository2", "GenericRepository2\GenericRepository2.csproj", "{1A1B8D59-39DE-4B46-80D2-294A0D7FF8EF}"
EndProject
Global
	GlobalSection(SolutionConfigurationPlatforms) = preSolution
		Debug|Any CPU = Debug|Any CPU
		Release|Any CPU = Release|Any CPU
	EndGlobalSection
	GlobalSection(ProjectConfigurationPlatforms) = postSolution
		{1A1B8D59-39DE-4B46-80D2-294A0D7FF8EF}.Debug|Any CPU.ActiveCfg = Debug|Any CPU
		{1A1B8D59-39DE-4B46-80D2-294A0D7FF8EF}.Debug|Any CPU.Build.0 = Debug|Any CPU
		{1A1B8D59-39DE-4B46-80D2-294A0D7FF8EF}.Release|Any CPU.ActiveCfg = Release|Any CPU
		{1A1B8D59-39DE-4B46-80D2-294A0D7FF8EF}.Release|Any CPU.Build.0 = Release|Any CPU
	EndGlobalSection
	GlobalSection(SolutionProperties) = preSolution
		HideSolutionNode = FALSE
	EndGlobalSection
	GlobalSection(ExtensibilityGlobals) = postSolution
		SolutionGuid = {A487CA1A-3C99-4E25-8C9B-9279534A5B9C}
	EndGlobalSection
EndGlobal
